
Microsoft Visual Studio Solution File, Format Version 12.00
# Visual Studio Version 17
VisualStudioVersion = 17.9.34622.214
MinimumVisualStudioVersion = 10.0.40219.1
Project("{FAE04EC0-301F-11D3-BF4B-00C04F79EFBC}") = "sale_net8", "sale_net8\sale_net8.csproj", "{06412147-3CD0-4FB3-A858-4E5358B7CA26}"
EndProject
Global
	GlobalSection(SolutionConfigurationPlatforms) = preSolution
		Debug|Any CPU = Debug|Any CPU
		Release|Any CPU = Release|Any CPU
	EndGlobalSection
	GlobalSection(ProjectConfigurationPlatforms) = postSolution
		{06412147-3CD0-4FB3-A858-4E5358B7CA26}.Debug|Any CPU.ActiveCfg = Debug|Any CPU
		{06412147-3CD0-4FB3-A858-4E5358B7CA26}.Debug|Any CPU.Build.0 = Debug|Any CPU
		{06412147-3CD0-4FB3-A858-4E5358B7CA26}.Release|Any CPU.ActiveCfg = Release|Any CPU
		{06412147-3CD0-4FB3-A858-4E5358B7CA26}.Release|Any CPU.Build.0 = Release|Any CPU
	EndGlobalSection
	GlobalSection(SolutionProperties) = preSolution
		HideSolutionNode = FALSE
	EndGlobalSection
	GlobalSection(ExtensibilityGlobals) = postSolution
		SolutionGuid = {3B40729E-8978-433F-87B5-8722C0CC6623}
	EndGlobalSection
EndGlobal
